
Microsoft Visual Studio Solution File, Format Version 12.00
# Visual Studio Version 16
VisualStudioVersion = 16.0.31005.135
MinimumVisualStudioVersion = 10.0.40219.1
Project("{FAE04EC0-301F-11D3-BF4B-00C04F79EFBC}") = "Task1_Square", "Task1_Square.csproj", "{82F4720A-9697-4C54-B5CF-F667A3BDF6AB}"
EndProject
Global
	GlobalSection(SolutionConfigurationPlatforms) = preSolution
		Debug|Any CPU = Debug|Any CPU
		Release|Any CPU = Release|Any CPU
	EndGlobalSection
	GlobalSection(ProjectConfigurationPlatforms) = postSolution
		{82F4720A-9697-4C54-B5CF-F667A3BDF6AB}.Debug|Any CPU.ActiveCfg = Debug|Any CPU
		{82F4720A-9697-4C54-B5CF-F667A3BDF6AB}.Debug|Any CPU.Build.0 = Debug|Any CPU
		{82F4720A-9697-4C54-B5CF-F667A3BDF6AB}.Release|Any CPU.ActiveCfg = Release|Any CPU
		{82F4720A-9697-4C54-B5CF-F667A3BDF6AB}.Release|Any CPU.Build.0 = Release|Any CPU
	EndGlobalSection
	GlobalSection(SolutionProperties) = preSolution
		HideSolutionNode = FALSE
	EndGlobalSection
	GlobalSection(ExtensibilityGlobals) = postSolution
		SolutionGuid = {AEAA5304-463D-49E0-9DD3-99514B0AF7CE}
	EndGlobalSection
EndGlobal
